
Microsoft Visual Studio Solution File, Format Version 12.00
# Visual Studio 2017
Project("{FAE04EC0-301F-11D3-BF4B-00C04F79EFBC}") = "Cheat System", "Cheat System.csproj", "{EC4FB571-8952-4921-3608-C5FCC04CC24D}"
EndProject
Global
	GlobalSection(SolutionConfigurationPlatforms) = preSolution
		Debug|Any CPU = Debug|Any CPU
		Release|Any CPU = Release|Any CPU
	EndGlobalSection
	GlobalSection(ProjectConfigurationPlatforms) = postSolution
		{EC4FB571-8952-4921-3608-C5FCC04CC24D}.Debug|Any CPU.ActiveCfg = Debug|Any CPU
		{EC4FB571-8952-4921-3608-C5FCC04CC24D}.Debug|Any CPU.Build.0 = Debug|Any CPU
		{EC4FB571-8952-4921-3608-C5FCC04CC24D}.Release|Any CPU.ActiveCfg = Release|Any CPU
		{EC4FB571-8952-4921-3608-C5FCC04CC24D}.Release|Any CPU.Build.0 = Release|Any CPU
	EndGlobalSection
	GlobalSection(SolutionProperties) = preSolution
		HideSolutionNode = FALSE
	EndGlobalSection
EndGlobal
